
Microsoft Visual Studio Solution File, Format Version 12.00
# Visual Studio Version 17
VisualStudioVersion = 17.13.35806.99 d17.13
MinimumVisualStudioVersion = 10.0.40219.1
Project("{FAE04EC0-301F-11D3-BF4B-00C04F79EFBC}") = "SerializationPlugin", "SerializationPlugin\SerializationPlugin.csproj", "{C74923E6-0AC2-4392-8FED-B7AE1DC48660}"
EndProject
Global
	GlobalSection(SolutionConfigurationPlatforms) = preSolution
		Debug|Any CPU = Debug|Any CPU
		Release|Any CPU = Release|Any CPU
	EndGlobalSection
	GlobalSection(ProjectConfigurationPlatforms) = postSolution
		{C74923E6-0AC2-4392-8FED-B7AE1DC48660}.Debug|Any CPU.ActiveCfg = Debug|Any CPU
		{C74923E6-0AC2-4392-8FED-B7AE1DC48660}.Debug|Any CPU.Build.0 = Debug|Any CPU
		{C74923E6-0AC2-4392-8FED-B7AE1DC48660}.Release|Any CPU.ActiveCfg = Release|Any CPU
		{C74923E6-0AC2-4392-8FED-B7AE1DC48660}.Release|Any CPU.Build.0 = Release|Any CPU
	EndGlobalSection
	GlobalSection(SolutionProperties) = preSolution
		HideSolutionNode = FALSE
	EndGlobalSection
	GlobalSection(ExtensibilityGlobals) = postSolution
		SolutionGuid = {E8E16BA7-588A-48F4-8EF0-341DA9DB68C3}
	EndGlobalSection
EndGlobal
